
Microsoft Visual Studio Solution File, Format Version 12.00
# Visual Studio 15
VisualStudioVersion = 15.0.28010.2041
MinimumVisualStudioVersion = 10.0.40219.1
Project("{8BC9CEB8-8B4A-11D0-8D11-00A0C91BC942}") = "restclient-cpp", "restclient-cpp.vcxproj", "{581B5EDB-9E52-414C-9EAE-BBCD8F7FCD16}"
EndProject
Global
	GlobalSection(SolutionConfigurationPlatforms) = preSolution
		Debug|x64 = Debug|x64
		Debug|x86 = Debug|x86
		Release Clean|x64 = Release Clean|x64
		Release Clean|x86 = Release Clean|x86
		Release|x64 = Release|x64
		Release|x86 = Release|x86
	EndGlobalSection
	GlobalSection(ProjectConfigurationPlatforms) = postSolution
		{581B5EDB-9E52-414C-9EAE-BBCD8F7FCD16}.Debug|x64.ActiveCfg = Debug|x64
		{581B5EDB-9E52-414C-9EAE-BBCD8F7FCD16}.Debug|x64.Build.0 = Debug|x64
		{581B5EDB-9E52-414C-9EAE-BBCD8F7FCD16}.Debug|x86.ActiveCfg = Debug|Win32
		{581B5EDB-9E52-414C-9EAE-BBCD8F7FCD16}.Debug|x86.Build.0 = Debug|Win32
		{581B5EDB-9E52-414C-9EAE-BBCD8F7FCD16}.Release Clean|x64.ActiveCfg = Release Clean|x64
		{581B5EDB-9E52-414C-9EAE-BBCD8F7FCD16}.Release Clean|x64.Build.0 = Release Clean|x64
		{581B5EDB-9E52-414C-9EAE-BBCD8F7FCD16}.Release Clean|x86.ActiveCfg = Release Clean|Win32
		{581B5EDB-9E52-414C-9EAE-BBCD8F7FCD16}.Release Clean|x86.Build.0 = Release Clean|Win32
		{581B5EDB-9E52-414C-9EAE-BBCD8F7FCD16}.Release|x64.ActiveCfg = Release|x64
		{581B5EDB-9E52-414C-9EAE-BBCD8F7FCD16}.Release|x64.Build.0 = Release|x64
		{581B5EDB-9E52-414C-9EAE-BBCD8F7FCD16}.Release|x86.ActiveCfg = Release|Win32
		{581B5EDB-9E52-414C-9EAE-BBCD8F7FCD16}.Release|x86.Build.0 = Release|Win32
	EndGlobalSection
	GlobalSection(SolutionProperties) = preSolution
		HideSolutionNode = FALSE
	EndGlobalSection
	GlobalSection(ExtensibilityGlobals) = postSolution
		SolutionGuid = {4E458A4D-F6D5-4D84-A5F9-E67BB32A044C}
	EndGlobalSection
EndGlobal
